# This file is automatically @generated by Cargo.
# It is not intended for manual editing.
version = 4

[[package]]
name = "hadamard-cli"
version = "0.1.0"
dependencies = [
 "hadamard-construct",
 "hadamard-core",
 "hadamard-search",
]

[[package]]
name = "hadamard-construct"
version = "0.1.0"
dependencies = [
 "hadamard-core",
]

[[package]]
name = "hadamard-core"
version = "0.1.0"

[[package]]
name = "hadamard-search"
version = "0.1.0"
dependencies = [
 "hadamard-core",
]
